
Microsoft Visual Studio Solution File, Format Version 12.00
# Visual Studio Version 17
VisualStudioVersion = 17.5.33516.290
MinimumVisualStudioVersion = 10.0.40219.1
Project("{FAE04EC0-301F-11D3-BF4B-00C04F79EFBC}") = "emulatorLauncher", "emulatorLauncher.csproj", "{BD82A5AA-00AD-40BF-BAE6-EF29FA1FC7C1}"
EndProject
Global
	GlobalSection(SolutionConfigurationPlatforms) = preSolution
		Debug|Any CPU = Debug|Any CPU
		Release|Any CPU = Release|Any CPU
	EndGlobalSection
	GlobalSection(ProjectConfigurationPlatforms) = postSolution
		{BD82A5AA-00AD-40BF-BAE6-EF29FA1FC7C1}.Debug|Any CPU.ActiveCfg = Debug|Any CPU
		{BD82A5AA-00AD-40BF-BAE6-EF29FA1FC7C1}.Debug|Any CPU.Build.0 = Debug|Any CPU
		{BD82A5AA-00AD-40BF-BAE6-EF29FA1FC7C1}.Release|Any CPU.ActiveCfg = Release|Any CPU
		{BD82A5AA-00AD-40BF-BAE6-EF29FA1FC7C1}.Release|Any CPU.Build.0 = Release|Any CPU
	EndGlobalSection
	GlobalSection(SolutionProperties) = preSolution
		HideSolutionNode = FALSE
	EndGlobalSection
	GlobalSection(ExtensibilityGlobals) = postSolution
		SolutionGuid = {B7A94BD3-F664-4B47-813A-650683F6D61B}
	EndGlobalSection
EndGlobal
